
Microsoft Visual Studio Solution File, Format Version 12.00
# Visual Studio Version 17
VisualStudioVersion = 17.11.35327.3
MinimumVisualStudioVersion = 10.0.40219.1
Project("{FAE04EC0-301F-11D3-BF4B-00C04F79EFBC}") = "GithubProject", "GithubProject\GithubProject.csproj", "{B2E96387-9D29-4403-AA85-F98E20190F43}"
EndProject
Project("{FAE04EC0-301F-11D3-BF4B-00C04F79EFBC}") = "GithubProject.Tests", "GithubProject.Tests\GithubProject.Tests.csproj", "{8414AE5A-C1A5-42F6-A4DF-76659CB6B538}"
EndProject
Global
	GlobalSection(SolutionConfigurationPlatforms) = preSolution
		Debug|Any CPU = Debug|Any CPU
		Release|Any CPU = Release|Any CPU
	EndGlobalSection
	GlobalSection(ProjectConfigurationPlatforms) = postSolution
		{B2E96387-9D29-4403-AA85-F98E20190F43}.Debug|Any CPU.ActiveCfg = Debug|Any CPU
		{B2E96387-9D29-4403-AA85-F98E20190F43}.Debug|Any CPU.Build.0 = Debug|Any CPU
		{B2E96387-9D29-4403-AA85-F98E20190F43}.Release|Any CPU.ActiveCfg = Release|Any CPU
		{B2E96387-9D29-4403-AA85-F98E20190F43}.Release|Any CPU.Build.0 = Release|Any CPU
		{8414AE5A-C1A5-42F6-A4DF-76659CB6B538}.Debug|Any CPU.ActiveCfg = Debug|Any CPU
		{8414AE5A-C1A5-42F6-A4DF-76659CB6B538}.Debug|Any CPU.Build.0 = Debug|Any CPU
		{8414AE5A-C1A5-42F6-A4DF-76659CB6B538}.Release|Any CPU.ActiveCfg = Release|Any CPU
		{8414AE5A-C1A5-42F6-A4DF-76659CB6B538}.Release|Any CPU.Build.0 = Release|Any CPU
	EndGlobalSection
	GlobalSection(SolutionProperties) = preSolution
		HideSolutionNode = FALSE
	EndGlobalSection
	GlobalSection(ExtensibilityGlobals) = postSolution
		SolutionGuid = {4D212034-5F5A-480C-ACBC-A2F0C26B8ECA}
	EndGlobalSection
EndGlobal
